# This file is automatically @generated by Cargo.
# It is not intended for manual editing.
version = 3

[[package]]
name = "mime"
version = "0.1.0"
source = "git+https://github.com/nanoteck137/mime#38f0312845e38de4a6f637c058a5c96205b6dc72"

[[package]]
name = "wad_reader"
version = "0.1.0"
dependencies = [
 "mime",
]
